
Microsoft Visual Studio Solution File, Format Version 12.00
# Visual Studio Version 16
VisualStudioVersion = 16.0.29102.190
MinimumVisualStudioVersion = 10.0.40219.1
Project("{F184B08F-C81C-45F6-A57F-5ABD9991F28F}") = "LinqApps", "LinqApps\LinqApps.vbproj", "{619643C0-C437-4940-AAAC-C44B777F0801}"
EndProject
Project("{F184B08F-C81C-45F6-A57F-5ABD9991F28F}") = "AppLinqMantenimiento", "AppLinqMantenimiento\AppLinqMantenimiento.vbproj", "{1198A7CF-C1E5-46A5-AE06-B3588AED04E0}"
EndProject
Global
	GlobalSection(SolutionConfigurationPlatforms) = preSolution
		Debug|Any CPU = Debug|Any CPU
		Release|Any CPU = Release|Any CPU
	EndGlobalSection
	GlobalSection(ProjectConfigurationPlatforms) = postSolution
		{619643C0-C437-4940-AAAC-C44B777F0801}.Debug|Any CPU.ActiveCfg = Debug|Any CPU
		{619643C0-C437-4940-AAAC-C44B777F0801}.Debug|Any CPU.Build.0 = Debug|Any CPU
		{619643C0-C437-4940-AAAC-C44B777F0801}.Release|Any CPU.ActiveCfg = Release|Any CPU
		{619643C0-C437-4940-AAAC-C44B777F0801}.Release|Any CPU.Build.0 = Release|Any CPU
		{1198A7CF-C1E5-46A5-AE06-B3588AED04E0}.Debug|Any CPU.ActiveCfg = Debug|Any CPU
		{1198A7CF-C1E5-46A5-AE06-B3588AED04E0}.Debug|Any CPU.Build.0 = Debug|Any CPU
		{1198A7CF-C1E5-46A5-AE06-B3588AED04E0}.Release|Any CPU.ActiveCfg = Release|Any CPU
		{1198A7CF-C1E5-46A5-AE06-B3588AED04E0}.Release|Any CPU.Build.0 = Release|Any CPU
	EndGlobalSection
	GlobalSection(SolutionProperties) = preSolution
		HideSolutionNode = FALSE
	EndGlobalSection
	GlobalSection(ExtensibilityGlobals) = postSolution
		SolutionGuid = {AE712595-D820-4055-8364-6E9EAE46D54E}
	EndGlobalSection
EndGlobal
